
Microsoft Visual Studio Solution File, Format Version 12.00
# Visual Studio Version 17
VisualStudioVersion = 17.11.35222.181
MinimumVisualStudioVersion = 10.0.40219.1
Project("{FAE04EC0-301F-11D3-BF4B-00C04F79EFBC}") = "Lab2", "Lab2\Lab2.csproj", "{685FEDCD-9DD5-48C5-960F-D4AF285A6E2B}"
EndProject
Global
	GlobalSection(SolutionConfigurationPlatforms) = preSolution
		Debug|Any CPU = Debug|Any CPU
		Release|Any CPU = Release|Any CPU
	EndGlobalSection
	GlobalSection(ProjectConfigurationPlatforms) = postSolution
		{685FEDCD-9DD5-48C5-960F-D4AF285A6E2B}.Debug|Any CPU.ActiveCfg = Debug|Any CPU
		{685FEDCD-9DD5-48C5-960F-D4AF285A6E2B}.Debug|Any CPU.Build.0 = Debug|Any CPU
		{685FEDCD-9DD5-48C5-960F-D4AF285A6E2B}.Release|Any CPU.ActiveCfg = Release|Any CPU
		{685FEDCD-9DD5-48C5-960F-D4AF285A6E2B}.Release|Any CPU.Build.0 = Release|Any CPU
	EndGlobalSection
	GlobalSection(SolutionProperties) = preSolution
		HideSolutionNode = FALSE
	EndGlobalSection
	GlobalSection(ExtensibilityGlobals) = postSolution
		SolutionGuid = {995D7B44-40A3-4A86-8A68-8F2343464BC3}
	EndGlobalSection
EndGlobal
